// !$*UTF8*$!
{
	archiveVersion = 1;
	classes = {
	};
	objectVersion = 56;
	objects = {

/* Begin PBXBuildFile section */
		7813BE5E2BAC6B27006A5AEC /* AppDelegate.swift in Sources */ = {isa = PBXBuildFile; fileRef = 7813BE5D2BAC6B27006A5AEC /* AppDelegate.swift */; };
		7813BE602BAC6B27006A5AEC /* SceneDelegate.swift in Sources */ = {isa = PBXBuildFile; fileRef = 7813BE5F2BAC6B27006A5AEC /* SceneDelegate.swift */; };
		7813BE622BAC6B27006A5AEC /* SearchViewController.swift in Sources */ = {isa = PBXBuildFile; fileRef = 7813BE612BAC6B27006A5AEC /* SearchViewController.swift */; };
		7813BE672BAC6B2F006A5AEC /* Assets.xcassets in Resources */ = {isa = PBXBuildFile; fileRef = 7813BE662BAC6B2F006A5AEC /* Assets.xcassets */; };
		7813BE6A2BAC6B2F006A5AEC /* LaunchScreen.storyboard in Resources */ = {isa = PBXBuildFile; fileRef = 7813BE682BAC6B2F006A5AEC /* LaunchScreen.storyboard */; };
		7813BE722BAC8003006A5AEC /* FavoritesListViewController.swift in Sources */ = {isa = PBXBuildFile; fileRef = 7813BE712BAC8003006A5AEC /* FavoritesListViewController.swift */; };
		7813BE742BAC956C006A5AEC /* GFButton.swift in Sources */ = {isa = PBXBuildFile; fileRef = 7813BE732BAC956C006A5AEC /* GFButton.swift */; };
		7813BE762BAC98F7006A5AEC /* GFTextField.swift in Sources */ = {isa = PBXBuildFile; fileRef = 7813BE752BAC98F7006A5AEC /* GFTextField.swift */; };
		789E4FC12BB0455C001B8611 /* NetworkError.swift in Sources */ = {isa = PBXBuildFile; fileRef = 789E4FC02BB0455C001B8611 /* NetworkError.swift */; };
		789E4FC42BB06DAB001B8611 /* FollowerCollectionViewCell.swift in Sources */ = {isa = PBXBuildFile; fileRef = 789E4FC32BB06DAB001B8611 /* FollowerCollectionViewCell.swift */; };
		789E4FC62BB06F01001B8611 /* GFAvatarImageView.swift in Sources */ = {isa = PBXBuildFile; fileRef = 789E4FC52BB06F01001B8611 /* GFAvatarImageView.swift */; };
		789E4FC82BB09585001B8611 /* UIHelper.swift in Sources */ = {isa = PBXBuildFile; fileRef = 789E4FC72BB09585001B8611 /* UIHelper.swift */; };
		789E4FD02BB108CD001B8611 /* GFEmptyStateView.swift in Sources */ = {isa = PBXBuildFile; fileRef = 789E4FCF2BB108CD001B8611 /* GFEmptyStateView.swift */; };
		789E4FD22BB272C7001B8611 /* UserInfoViewController.swift in Sources */ = {isa = PBXBuildFile; fileRef = 789E4FD12BB272C7001B8611 /* UserInfoViewController.swift */; };
		789E4FD62BB31BDB001B8611 /* GFSecondaryTitleLabel.swift in Sources */ = {isa = PBXBuildFile; fileRef = 789E4FD52BB31BDB001B8611 /* GFSecondaryTitleLabel.swift */; };
		789E4FD82BB31CD2001B8611 /* GFUserInfoHeaderViewController.swift in Sources */ = {isa = PBXBuildFile; fileRef = 789E4FD72BB31CD2001B8611 /* GFUserInfoHeaderViewController.swift */; };
		789E4FDA2BB334F6001B8611 /* Constants.swift in Sources */ = {isa = PBXBuildFile; fileRef = 789E4FD92BB334F6001B8611 /* Constants.swift */; };
		789E4FDC2BB3E10D001B8611 /* GFItemInfoView.swift in Sources */ = {isa = PBXBuildFile; fileRef = 789E4FDB2BB3E10D001B8611 /* GFItemInfoView.swift */; };
		789E4FDE2BB3E761001B8611 /* GFItemInfoViewController.swift in Sources */ = {isa = PBXBuildFile; fileRef = 789E4FDD2BB3E761001B8611 /* GFItemInfoViewController.swift */; };
		789E4FE02BB3EB90001B8611 /* GFRepoItemViewController.swift in Sources */ = {isa = PBXBuildFile; fileRef = 789E4FDF2BB3EB90001B8611 /* GFRepoItemViewController.swift */; };
		789E4FE22BB3ED91001B8611 /* GFFollowerItemViewController.swift in Sources */ = {isa = PBXBuildFile; fileRef = 789E4FE12BB3ED91001B8611 /* GFFollowerItemViewController.swift */; };
		789E4FE72BB3F236001B8611 /* Date+Ext.swift in Sources */ = {isa = PBXBuildFile; fileRef = 789E4FE62BB3F236001B8611 /* Date+Ext.swift */; };
		789E4FE92BB3F26F001B8611 /* String+Ext.swift in Sources */ = {isa = PBXBuildFile; fileRef = 789E4FE82BB3F26F001B8611 /* String+Ext.swift */; };
		789E4FEB2BB42D54001B8611 /* PersistenceManager.swift in Sources */ = {isa = PBXBuildFile; fileRef = 789E4FEA2BB42D54001B8611 /* PersistenceManager.swift */; };
		789E4FED2BB46BE2001B8611 /* CodecError.swift in Sources */ = {isa = PBXBuildFile; fileRef = 789E4FEC2BB46BE2001B8611 /* CodecError.swift */; };
		789E4FEF2BB4729C001B8611 /* FavoriteTableViewCell.swift in Sources */ = {isa = PBXBuildFile; fileRef = 789E4FEE2BB4729C001B8611 /* FavoriteTableViewCell.swift */; };
		789E4FF22BB54D9C001B8611 /* GFTabBarController.swift in Sources */ = {isa = PBXBuildFile; fileRef = 789E4FF12BB54D9C001B8611 /* GFTabBarController.swift */; };
		789E4FF42BB56E21001B8611 /* GFDataLoadingViewController.swift in Sources */ = {isa = PBXBuildFile; fileRef = 789E4FF32BB56E21001B8611 /* GFDataLoadingViewController.swift */; };
		78A7BFE12BAEB80A0066E817 /* FollowerListViewController.swift in Sources */ = {isa = PBXBuildFile; fileRef = 78A7BFE02BAEB80A0066E817 /* FollowerListViewController.swift */; };
		78A7BFE32BAEC2170066E817 /* GFTitleLabel.swift in Sources */ = {isa = PBXBuildFile; fileRef = 78A7BFE22BAEC2170066E817 /* GFTitleLabel.swift */; };
		78A7BFE52BAEC4CB0066E817 /* GFBodyLabel.swift in Sources */ = {isa = PBXBuildFile; fileRef = 78A7BFE42BAEC4CB0066E817 /* GFBodyLabel.swift */; };
		78A7BFE72BAEC6280066E817 /* GFAlertViewController.swift in Sources */ = {isa = PBXBuildFile; fileRef = 78A7BFE62BAEC6280066E817 /* GFAlertViewController.swift */; };
		78A7BFEB2BAED6510066E817 /* UIViewController+Ext.swift in Sources */ = {isa = PBXBuildFile; fileRef = 78A7BFEA2BAED6510066E817 /* UIViewController+Ext.swift */; };
		78A7BFED2BAF27C10066E817 /* GFAlertContainerView.swift in Sources */ = {isa = PBXBuildFile; fileRef = 78A7BFEC2BAF27C10066E817 /* GFAlertContainerView.swift */; };
		78A7BFF42BAF3A530066E817 /* Follower.swift in Sources */ = {isa = PBXBuildFile; fileRef = 78A7BFF32BAF3A530066E817 /* Follower.swift */; };
		78A7BFF62BAF3E160066E817 /* User.swift in Sources */ = {isa = PBXBuildFile; fileRef = 78A7BFF52BAF3E160066E817 /* User.swift */; };
		78A7BFF92BAF44EC0066E817 /* NetworkManager.swift in Sources */ = {isa = PBXBuildFile; fileRef = 78A7BFF82BAF44EC0066E817 /* NetworkManager.swift */; };
		78F8B3C32BB5963C00593516 /* UIView+Ext.swift in Sources */ = {isa = PBXBuildFile; fileRef = 78F8B3C22BB5963C00593516 /* UIView+Ext.swift */; };
/* End PBXBuildFile section */

/* Begin PBXFileReference section */
		7813BE5A2BAC6B27006A5AEC /* GithubFollowers.app */ = {isa = PBXFileReference; explicitFileType = wrapper.application; includeInIndex = 0; path = GithubFollowers.app; sourceTree = BUILT_PRODUCTS_DIR; };
		7813BE5D2BAC6B27006A5AEC /* AppDelegate.swift */ = {isa = PBXFileReference; lastKnownFileType = sourcecode.swift; path = AppDelegate.swift; sourceTree = "<group>"; };
		7813BE5F2BAC6B27006A5AEC /* SceneDelegate.swift */ = {isa = PBXFileReference; lastKnownFileType = sourcecode.swift; path = SceneDelegate.swift; sourceTree = "<group>"; };
		7813BE612BAC6B27006A5AEC /* SearchViewController.swift */ = {isa = PBXFileReference; lastKnownFileType = sourcecode.swift; path = SearchViewController.swift; sourceTree = "<group>"; };
		7813BE662BAC6B2F006A5AEC /* Assets.xcassets */ = {isa = PBXFileReference; lastKnownFileType = folder.assetcatalog; path = Assets.xcassets; sourceTree = "<group>"; };
		7813BE692BAC6B2F006A5AEC /* Base */ = {isa = PBXFileReference; lastKnownFileType = file.storyboard; name = Base; path = Base.lproj/LaunchScreen.storyboard; sourceTree = "<group>"; };
		7813BE6B2BAC6B2F006A5AEC /* Info.plist */ = {isa = PBXFileReference; lastKnownFileType = text.plist.xml; path = Info.plist; sourceTree = "<group>"; };
		7813BE712BAC8003006A5AEC /* FavoritesListViewController.swift */ = {isa = PBXFileReference; lastKnownFileType = sourcecode.swift; path = FavoritesListViewController.swift; sourceTree = "<group>"; };
		7813BE732BAC956C006A5AEC /* GFButton.swift */ = {isa = PBXFileReference; lastKnownFileType = sourcecode.swift; path = GFButton.swift; sourceTree = "<group>"; };
		7813BE752BAC98F7006A5AEC /* GFTextField.swift */ = {isa = PBXFileReference; lastKnownFileType = sourcecode.swift; path = GFTextField.swift; sourceTree = "<group>"; };
		789E4FC02BB0455C001B8611 /* NetworkError.swift */ = {isa = PBXFileReference; lastKnownFileType = sourcecode.swift; path = NetworkError.swift; sourceTree = "<group>"; };
		789E4FC32BB06DAB001B8611 /* FollowerCollectionViewCell.swift */ = {isa = PBXFileReference; lastKnownFileType = sourcecode.swift; path = FollowerCollectionViewCell.swift; sourceTree = "<group>"; };
		789E4FC52BB06F01001B8611 /* GFAvatarImageView.swift */ = {isa = PBXFileReference; lastKnownFileType = sourcecode.swift; path = GFAvatarImageView.swift; sourceTree = "<group>"; };
		789E4FC72BB09585001B8611 /* UIHelper.swift */ = {isa = PBXFileReference; lastKnownFileType = sourcecode.swift; path = UIHelper.swift; sourceTree = "<group>"; };
		789E4FCF2BB108CD001B8611 /* GFEmptyStateView.swift */ = {isa = PBXFileReference; lastKnownFileType = sourcecode.swift; path = GFEmptyStateView.swift; sourceTree = "<group>"; };
		789E4FD12BB272C7001B8611 /* UserInfoViewController.swift */ = {isa = PBXFileReference; lastKnownFileType = sourcecode.swift; path = UserInfoViewController.swift; sourceTree = "<group>"; };
		789E4FD52BB31BDB001B8611 /* GFSecondaryTitleLabel.swift */ = {isa = PBXFileReference; lastKnownFileType = sourcecode.swift; path = GFSecondaryTitleLabel.swift; sourceTree = "<group>"; };
		789E4FD72BB31CD2001B8611 /* GFUserInfoHeaderViewController.swift */ = {isa = PBXFileReference; lastKnownFileType = sourcecode.swift; path = GFUserInfoHeaderViewController.swift; sourceTree = "<group>"; };
		789E4FD92BB334F6001B8611 /* Constants.swift */ = {isa = PBXFileReference; lastKnownFileType = sourcecode.swift; path = Constants.swift; sourceTree = "<group>"; };
		789E4FDB2BB3E10D001B8611 /* GFItemInfoView.swift */ = {isa = PBXFileReference; lastKnownFileType = sourcecode.swift; path = GFItemInfoView.swift; sourceTree = "<group>"; };
		789E4FDD2BB3E761001B8611 /* GFItemInfoViewController.swift */ = {isa = PBXFileReference; lastKnownFileType = sourcecode.swift; path = GFItemInfoViewController.swift; sourceTree = "<group>"; };
		789E4FDF2BB3EB90001B8611 /* GFRepoItemViewController.swift */ = {isa = PBXFileReference; lastKnownFileType = sourcecode.swift; path = GFRepoItemViewController.swift; sourceTree = "<group>"; };
		789E4FE12BB3ED91001B8611 /* GFFollowerItemViewController.swift */ = {isa = PBXFileReference; lastKnownFileType = sourcecode.swift; path = GFFollowerItemViewController.swift; sourceTree = "<group>"; };
		789E4FE62BB3F236001B8611 /* Date+Ext.swift */ = {isa = PBXFileReference; lastKnownFileType = sourcecode.swift; path = "Date+Ext.swift"; sourceTree = "<group>"; };
		789E4FE82BB3F26F001B8611 /* String+Ext.swift */ = {isa = PBXFileReference; lastKnownFileType = sourcecode.swift; path = "String+Ext.swift"; sourceTree = "<group>"; };
		789E4FEA2BB42D54001B8611 /* PersistenceManager.swift */ = {isa = PBXFileReference; lastKnownFileType = sourcecode.swift; path = PersistenceManager.swift; sourceTree = "<group>"; };
		789E4FEC2BB46BE2001B8611 /* CodecError.swift */ = {isa = PBXFileReference; lastKnownFileType = sourcecode.swift; path = CodecError.swift; sourceTree = "<group>"; };
		789E4FEE2BB4729C001B8611 /* FavoriteTableViewCell.swift */ = {isa = PBXFileReference; lastKnownFileType = sourcecode.swift; path = FavoriteTableViewCell.swift; sourceTree = "<group>"; };
		789E4FF12BB54D9C001B8611 /* GFTabBarController.swift */ = {isa = PBXFileReference; lastKnownFileType = sourcecode.swift; path = GFTabBarController.swift; sourceTree = "<group>"; };
		789E4FF32BB56E21001B8611 /* GFDataLoadingViewController.swift */ = {isa = PBXFileReference; lastKnownFileType = sourcecode.swift; path = GFDataLoadingViewController.swift; sourceTree = "<group>"; };
		78A7BFE02BAEB80A0066E817 /* FollowerListViewController.swift */ = {isa = PBXFileReference; lastKnownFileType = sourcecode.swift; path = FollowerListViewController.swift; sourceTree = "<group>"; };
		78A7BFE22BAEC2170066E817 /* GFTitleLabel.swift */ = {isa = PBXFileReference; lastKnownFileType = sourcecode.swift; path = GFTitleLabel.swift; sourceTree = "<group>"; };
		78A7BFE42BAEC4CB0066E817 /* GFBodyLabel.swift */ = {isa = PBXFileReference; lastKnownFileType = sourcecode.swift; path = GFBodyLabel.swift; sourceTree = "<group>"; };
		78A7BFE62BAEC6280066E817 /* GFAlertViewController.swift */ = {isa = PBXFileReference; lastKnownFileType = sourcecode.swift; path = GFAlertViewController.swift; sourceTree = "<group>"; };
		78A7BFEA2BAED6510066E817 /* UIViewController+Ext.swift */ = {isa = PBXFileReference; lastKnownFileType = sourcecode.swift; path = "UIViewController+Ext.swift"; sourceTree = "<group>"; };
		78A7BFEC2BAF27C10066E817 /* GFAlertContainerView.swift */ = {isa = PBXFileReference; lastKnownFileType = sourcecode.swift; path = GFAlertContainerView.swift; sourceTree = "<group>"; };
		78A7BFF32BAF3A530066E817 /* Follower.swift */ = {isa = PBXFileReference; lastKnownFileType = sourcecode.swift; path = Follower.swift; sourceTree = "<group>"; };
		78A7BFF52BAF3E160066E817 /* User.swift */ = {isa = PBXFileReference; lastKnownFileType = sourcecode.swift; path = User.swift; sourceTree = "<group>"; };
		78A7BFF82BAF44EC0066E817 /* NetworkManager.swift */ = {isa = PBXFileReference; lastKnownFileType = sourcecode.swift; path = NetworkManager.swift; sourceTree = "<group>"; };
		78F8B3C22BB5963C00593516 /* UIView+Ext.swift */ = {isa = PBXFileReference; lastKnownFileType = sourcecode.swift; path = "UIView+Ext.swift"; sourceTree = "<group>"; };
/* End PBXFileReference section */

/* Begin PBXFrameworksBuildPhase section */
		7813BE572BAC6B27006A5AEC /* Frameworks */ = {
			isa = PBXFrameworksBuildPhase;
			buildActionMask = 2147483647;
			files = (
			);
			runOnlyForDeploymentPostprocessing = 0;
		};
/* End PBXFrameworksBuildPhase section */

/* Begin PBXGroup section */
		7813BE512BAC6B27006A5AEC = {
			isa = PBXGroup;
			children = (
				7813BE5C2BAC6B27006A5AEC /* GithubFollowers */,
				7813BE5B2BAC6B27006A5AEC /* Products */,
			);
			sourceTree = "<group>";
		};
		7813BE5B2BAC6B27006A5AEC /* Products */ = {
			isa = PBXGroup;
			children = (
				7813BE5A2BAC6B27006A5AEC /* GithubFollowers.app */,
			);
			name = Products;
			sourceTree = "<group>";
		};
		7813BE5C2BAC6B27006A5AEC /* GithubFollowers */ = {
			isa = PBXGroup;
			children = (
				789E4FBF2BB044DA001B8611 /* Utilities */,
				78A7BFF72BAF44C80066E817 /* Managers */,
				78A7BFF22BAF3A310066E817 /* Models */,
				78A7BFF02BAF325E0066E817 /* Extensions */,
				78A7BFEF2BAF31D90066E817 /* Custom Views */,
				78A7BFEE2BAF2E770066E817 /* Screens */,
				78A7BFF12BAF32F00066E817 /* Support */,
				7813BE6B2BAC6B2F006A5AEC /* Info.plist */,
			);
			path = GithubFollowers;
			sourceTree = "<group>";
		};
		789E4FBF2BB044DA001B8611 /* Utilities */ = {
			isa = PBXGroup;
			children = (
				789E4FC02BB0455C001B8611 /* NetworkError.swift */,
				789E4FEC2BB46BE2001B8611 /* CodecError.swift */,
				789E4FC72BB09585001B8611 /* UIHelper.swift */,
				789E4FD92BB334F6001B8611 /* Constants.swift */,
			);
			path = Utilities;
			sourceTree = "<group>";
		};
		789E4FC22BB06D65001B8611 /* Cells */ = {
			isa = PBXGroup;
			children = (
				789E4FC32BB06DAB001B8611 /* FollowerCollectionViewCell.swift */,
				789E4FEE2BB4729C001B8611 /* FavoriteTableViewCell.swift */,
			);
			path = Cells;
			sourceTree = "<group>";
		};
		789E4FC92BB10787001B8611 /* Views */ = {
			isa = PBXGroup;
			children = (
				78A7BFEC2BAF27C10066E817 /* GFAlertContainerView.swift */,
				789E4FCF2BB108CD001B8611 /* GFEmptyStateView.swift */,
				789E4FDB2BB3E10D001B8611 /* GFItemInfoView.swift */,
			);
			path = Views;
			sourceTree = "<group>";
		};
		789E4FCA2BB10798001B8611 /* Buttons */ = {
			isa = PBXGroup;
			children = (
				7813BE732BAC956C006A5AEC /* GFButton.swift */,
			);
			path = Buttons;
			sourceTree = "<group>";
		};
		789E4FCB2BB107A8001B8611 /* TextFields */ = {
			isa = PBXGroup;
			children = (
				7813BE752BAC98F7006A5AEC /* GFTextField.swift */,
			);
			path = TextFields;
			sourceTree = "<group>";
		};
		789E4FCC2BB107B7001B8611 /* ImageViews */ = {
			isa = PBXGroup;
			children = (
				789E4FC52BB06F01001B8611 /* GFAvatarImageView.swift */,
			);
			path = ImageViews;
			sourceTree = "<group>";
		};
		789E4FCD2BB107C5001B8611 /* ViewControllers */ = {
			isa = PBXGroup;
			children = (
				789E4FE32BB3EE1A001B8611 /* ItemInfoViewControllers */,
				78A7BFE62BAEC6280066E817 /* GFAlertViewController.swift */,
				789E4FD72BB31CD2001B8611 /* GFUserInfoHeaderViewController.swift */,
				789E4FF32BB56E21001B8611 /* GFDataLoadingViewController.swift */,
			);
			path = ViewControllers;
			sourceTree = "<group>";
		};
		789E4FCE2BB107F6001B8611 /* Labels */ = {
			isa = PBXGroup;
			children = (
				78A7BFE22BAEC2170066E817 /* GFTitleLabel.swift */,
				789E4FD52BB31BDB001B8611 /* GFSecondaryTitleLabel.swift */,
				78A7BFE42BAEC4CB0066E817 /* GFBodyLabel.swift */,
			);
			path = Labels;
			sourceTree = "<group>";
		};
		789E4FE32BB3EE1A001B8611 /* ItemInfoViewControllers */ = {
			isa = PBXGroup;
			children = (
				789E4FE42BB3EFE8001B8611 /* Superclass */,
				789E4FE52BB3EFF7001B8611 /* Subclass */,
			);
			path = ItemInfoViewControllers;
			sourceTree = "<group>";
		};
		789E4FE42BB3EFE8001B8611 /* Superclass */ = {
			isa = PBXGroup;
			children = (
				789E4FDD2BB3E761001B8611 /* GFItemInfoViewController.swift */,
			);
			path = Superclass;
			sourceTree = "<group>";
		};
		789E4FE52BB3EFF7001B8611 /* Subclass */ = {
			isa = PBXGroup;
			children = (
				789E4FDF2BB3EB90001B8611 /* GFRepoItemViewController.swift */,
				789E4FE12BB3ED91001B8611 /* GFFollowerItemViewController.swift */,
			);
			path = Subclass;
			sourceTree = "<group>";
		};
		789E4FF02BB54D3E001B8611 /* TabBarControllers */ = {
			isa = PBXGroup;
			children = (
				789E4FF12BB54D9C001B8611 /* GFTabBarController.swift */,
			);
			path = TabBarControllers;
			sourceTree = "<group>";
		};
		78A7BFEE2BAF2E770066E817 /* Screens */ = {
			isa = PBXGroup;
			children = (
				7813BE612BAC6B27006A5AEC /* SearchViewController.swift */,
				7813BE712BAC8003006A5AEC /* FavoritesListViewController.swift */,
				78A7BFE02BAEB80A0066E817 /* FollowerListViewController.swift */,
				789E4FD12BB272C7001B8611 /* UserInfoViewController.swift */,
			);
			path = Screens;
			sourceTree = "<group>";
		};
		78A7BFEF2BAF31D90066E817 /* Custom Views */ = {
			isa = PBXGroup;
			children = (
				789E4FF02BB54D3E001B8611 /* TabBarControllers */,
				789E4FCE2BB107F6001B8611 /* Labels */,
				789E4FCD2BB107C5001B8611 /* ViewControllers */,
				789E4FCC2BB107B7001B8611 /* ImageViews */,
				789E4FCB2BB107A8001B8611 /* TextFields */,
				789E4FCA2BB10798001B8611 /* Buttons */,
				789E4FC92BB10787001B8611 /* Views */,
				789E4FC22BB06D65001B8611 /* Cells */,
			);
			path = "Custom Views";
			sourceTree = "<group>";
		};
		78A7BFF02BAF325E0066E817 /* Extensions */ = {
			isa = PBXGroup;
			children = (
				78A7BFEA2BAED6510066E817 /* UIViewController+Ext.swift */,
				789E4FE62BB3F236001B8611 /* Date+Ext.swift */,
				789E4FE82BB3F26F001B8611 /* String+Ext.swift */,
				78F8B3C22BB5963C00593516 /* UIView+Ext.swift */,
			);
			path = Extensions;
			sourceTree = "<group>";
		};
		78A7BFF12BAF32F00066E817 /* Support */ = {
			isa = PBXGroup;
			children = (
				7813BE5D2BAC6B27006A5AEC /* AppDelegate.swift */,
				7813BE5F2BAC6B27006A5AEC /* SceneDelegate.swift */,
				7813BE662BAC6B2F006A5AEC /* Assets.xcassets */,
				7813BE682BAC6B2F006A5AEC /* LaunchScreen.storyboard */,
			);
			path = Support;
			sourceTree = "<group>";
		};
		78A7BFF22BAF3A310066E817 /* Models */ = {
			isa = PBXGroup;
			children = (
				78A7BFF32BAF3A530066E817 /* Follower.swift */,
				78A7BFF52BAF3E160066E817 /* User.swift */,
			);
			path = Models;
			sourceTree = "<group>";
		};
		78A7BFF72BAF44C80066E817 /* Managers */ = {
			isa = PBXGroup;
			children = (
				78A7BFF82BAF44EC0066E817 /* NetworkManager.swift */,
				789E4FEA2BB42D54001B8611 /* PersistenceManager.swift */,
			);
			path = Managers;
			sourceTree = "<group>";
		};
/* End PBXGroup section */

/* Begin PBXNativeTarget section */
		7813BE592BAC6B27006A5AEC /* GithubFollowers */ = {
			isa = PBXNativeTarget;
			buildConfigurationList = 7813BE6E2BAC6B2F006A5AEC /* Build configuration list for PBXNativeTarget "GithubFollowers" */;
			buildPhases = (
				7813BE562BAC6B27006A5AEC /* Sources */,
				7813BE572BAC6B27006A5AEC /* Frameworks */,
				7813BE582BAC6B27006A5AEC /* Resources */,
			);
			buildRules = (
			);
			dependencies = (
			);
			name = GithubFollowers;
			productName = GithubFollowers;
			productReference = 7813BE5A2BAC6B27006A5AEC /* GithubFollowers.app */;
			productType = "com.apple.product-type.application";
		};
/* End PBXNativeTarget section */

/* Begin PBXProject section */
		7813BE522BAC6B27006A5AEC /* Project object */ = {
			isa = PBXProject;
			attributes = {
				BuildIndependentTargetsInParallel = 1;
				LastSwiftUpdateCheck = 1430;
				LastUpgradeCheck = 1430;
				TargetAttributes = {
					7813BE592BAC6B27006A5AEC = {
						CreatedOnToolsVersion = 14.3;
					};
				};
			};
			buildConfigurationList = 7813BE552BAC6B27006A5AEC /* Build configuration list for PBXProject "GithubFollowers" */;
			compatibilityVersion = "Xcode 14.0";
			developmentRegion = en;
			hasScannedForEncodings = 0;
			knownRegions = (
				en,
				Base,
			);
			mainGroup = 7813BE512BAC6B27006A5AEC;
			productRefGroup = 7813BE5B2BAC6B27006A5AEC /* Products */;
			projectDirPath = "";
			projectRoot = "";
			targets = (
				7813BE592BAC6B27006A5AEC /* GithubFollowers */,
			);
		};
/* End PBXProject section */

/* Begin PBXResourcesBuildPhase section */
		7813BE582BAC6B27006A5AEC /* Resources */ = {
			isa = PBXResourcesBuildPhase;
			buildActionMask = 2147483647;
			files = (
				7813BE6A2BAC6B2F006A5AEC /* LaunchScreen.storyboard in Resources */,
				7813BE672BAC6B2F006A5AEC /* Assets.xcassets in Resources */,
			);
			runOnlyForDeploymentPostprocessing = 0;
		};
/* End PBXResourcesBuildPhase section */

/* Begin PBXSourcesBuildPhase section */
		7813BE562BAC6B27006A5AEC /* Sources */ = {
			isa = PBXSourcesBuildPhase;
			buildActionMask = 2147483647;
			files = (
				78A7BFE72BAEC6280066E817 /* GFAlertViewController.swift in Sources */,
				789E4FD22BB272C7001B8611 /* UserInfoViewController.swift in Sources */,
				789E4FE22BB3ED91001B8611 /* GFFollowerItemViewController.swift in Sources */,
				7813BE762BAC98F7006A5AEC /* GFTextField.swift in Sources */,
				7813BE622BAC6B27006A5AEC /* SearchViewController.swift in Sources */,
				789E4FF42BB56E21001B8611 /* GFDataLoadingViewController.swift in Sources */,
				78A7BFEB2BAED6510066E817 /* UIViewController+Ext.swift in Sources */,
				7813BE742BAC956C006A5AEC /* GFButton.swift in Sources */,
				789E4FD02BB108CD001B8611 /* GFEmptyStateView.swift in Sources */,
				78A7BFE12BAEB80A0066E817 /* FollowerListViewController.swift in Sources */,
				78A7BFF62BAF3E160066E817 /* User.swift in Sources */,
				789E4FEF2BB4729C001B8611 /* FavoriteTableViewCell.swift in Sources */,
				78A7BFE52BAEC4CB0066E817 /* GFBodyLabel.swift in Sources */,
				789E4FC62BB06F01001B8611 /* GFAvatarImageView.swift in Sources */,
				789E4FEB2BB42D54001B8611 /* PersistenceManager.swift in Sources */,
				789E4FC42BB06DAB001B8611 /* FollowerCollectionViewCell.swift in Sources */,
				78A7BFF42BAF3A530066E817 /* Follower.swift in Sources */,
				78A7BFE32BAEC2170066E817 /* GFTitleLabel.swift in Sources */,
				7813BE5E2BAC6B27006A5AEC /* AppDelegate.swift in Sources */,
				789E4FD62BB31BDB001B8611 /* GFSecondaryTitleLabel.swift in Sources */,
				789E4FE02BB3EB90001B8611 /* GFRepoItemViewController.swift in Sources */,
				789E4FED2BB46BE2001B8611 /* CodecError.swift in Sources */,
				789E4FE92BB3F26F001B8611 /* String+Ext.swift in Sources */,
				789E4FF22BB54D9C001B8611 /* GFTabBarController.swift in Sources */,
				7813BE722BAC8003006A5AEC /* FavoritesListViewController.swift in Sources */,
				789E4FC12BB0455C001B8611 /* NetworkError.swift in Sources */,
				789E4FC82BB09585001B8611 /* UIHelper.swift in Sources */,
				78A7BFF92BAF44EC0066E817 /* NetworkManager.swift in Sources */,
				789E4FDE2BB3E761001B8611 /* GFItemInfoViewController.swift in Sources */,
				789E4FE72BB3F236001B8611 /* Date+Ext.swift in Sources */,
				7813BE602BAC6B27006A5AEC /* SceneDelegate.swift in Sources */,
				78A7BFED2BAF27C10066E817 /* GFAlertContainerView.swift in Sources */,
				78F8B3C32BB5963C00593516 /* UIView+Ext.swift in Sources */,
				789E4FDC2BB3E10D001B8611 /* GFItemInfoView.swift in Sources */,
				789E4FD82BB31CD2001B8611 /* GFUserInfoHeaderViewController.swift in Sources */,
				789E4FDA2BB334F6001B8611 /* Constants.swift in Sources */,
			);
			runOnlyForDeploymentPostprocessing = 0;
		};
/* End PBXSourcesBuildPhase section */

/* Begin PBXVariantGroup section */
		7813BE682BAC6B2F006A5AEC /* LaunchScreen.storyboard */ = {
			isa = PBXVariantGroup;
			children = (
				7813BE692BAC6B2F006A5AEC /* Base */,
			);
			name = LaunchScreen.storyboard;
			sourceTree = "<group>";
		};
/* End PBXVariantGroup section */

/* Begin XCBuildConfiguration section */
		7813BE6C2BAC6B2F006A5AEC /* Debug */ = {
			isa = XCBuildConfiguration;
			buildSettings = {
				ALWAYS_SEARCH_USER_PATHS = NO;
				CLANG_ANALYZER_NONNULL = YES;
				CLANG_ANALYZER_NUMBER_OBJECT_CONVERSION = YES_AGGRESSIVE;
				CLANG_CXX_LANGUAGE_STANDARD = "gnu++20";
				CLANG_ENABLE_MODULES = YES;
				CLANG_ENABLE_OBJC_ARC = YES;
				CLANG_ENABLE_OBJC_WEAK = YES;
				CLANG_WARN_BLOCK_CAPTURE_AUTORELEASING = YES;
				CLANG_WARN_BOOL_CONVERSION = YES;
				CLANG_WARN_COMMA = YES;
				CLANG_WARN_CONSTANT_CONVERSION = YES;
				CLANG_WARN_DEPRECATED_OBJC_IMPLEMENTATIONS = YES;
				CLANG_WARN_DIRECT_OBJC_ISA_USAGE = YES_ERROR;
				CLANG_WARN_DOCUMENTATION_COMMENTS = YES;
				CLANG_WARN_EMPTY_BODY = YES;
				CLANG_WARN_ENUM_CONVERSION = YES;
				CLANG_WARN_INFINITE_RECURSION = YES;
				CLANG_WARN_INT_CONVERSION = YES;
				CLANG_WARN_NON_LITERAL_NULL_CONVERSION = YES;
				CLANG_WARN_OBJC_IMPLICIT_RETAIN_SELF = YES;
				CLANG_WARN_OBJC_LITERAL_CONVERSION = YES;
				CLANG_WARN_OBJC_ROOT_CLASS = YES_ERROR;
				CLANG_WARN_QUOTED_INCLUDE_IN_FRAMEWORK_HEADER = YES;
				CLANG_WARN_RANGE_LOOP_ANALYSIS = YES;
				CLANG_WARN_STRICT_PROTOTYPES = YES;
				CLANG_WARN_SUSPICIOUS_MOVE = YES;
				CLANG_WARN_UNGUARDED_AVAILABILITY = YES_AGGRESSIVE;
				CLANG_WARN_UNREACHABLE_CODE = YES;
				CLANG_WARN__DUPLICATE_METHOD_MATCH = YES;
				COPY_PHASE_STRIP = NO;
				DEBUG_INFORMATION_FORMAT = dwarf;
				ENABLE_STRICT_OBJC_MSGSEND = YES;
				ENABLE_TESTABILITY = YES;
				GCC_C_LANGUAGE_STANDARD = gnu11;
				GCC_DYNAMIC_NO_PIC = NO;
				GCC_NO_COMMON_BLOCKS = YES;
				GCC_OPTIMIZATION_LEVEL = 0;
				GCC_PREPROCESSOR_DEFINITIONS = (
					"DEBUG=1",
					"$(inherited)",
				);
				GCC_WARN_64_TO_32_BIT_CONVERSION = YES;
				GCC_WARN_ABOUT_RETURN_TYPE = YES_ERROR;
				GCC_WARN_UNDECLARED_SELECTOR = YES;
				GCC_WARN_UNINITIALIZED_AUTOS = YES_AGGRESSIVE;
				GCC_WARN_UNUSED_FUNCTION = YES;
				GCC_WARN_UNUSED_VARIABLE = YES;
				IPHONEOS_DEPLOYMENT_TARGET = 16.4;
				MTL_ENABLE_DEBUG_INFO = INCLUDE_SOURCE;
				MTL_FAST_MATH = YES;
				ONLY_ACTIVE_ARCH = YES;
				SDKROOT = iphoneos;
				SWIFT_ACTIVE_COMPILATION_CONDITIONS = DEBUG;
				SWIFT_OPTIMIZATION_LEVEL = "-Onone";
			};
			name = Debug;
		};
		7813BE6D2BAC6B2F006A5AEC /* Release */ = {
			isa = XCBuildConfiguration;
			buildSettings = {
				ALWAYS_SEARCH_USER_PATHS = NO;
				CLANG_ANALYZER_NONNULL = YES;
				CLANG_ANALYZER_NUMBER_OBJECT_CONVERSION = YES_AGGRESSIVE;
				CLANG_CXX_LANGUAGE_STANDARD = "gnu++20";
				CLANG_ENABLE_MODULES = YES;
				CLANG_ENABLE_OBJC_ARC = YES;
				CLANG_ENABLE_OBJC_WEAK = YES;
				CLANG_WARN_BLOCK_CAPTURE_AUTORELEASING = YES;
				CLANG_WARN_BOOL_CONVERSION = YES;
				CLANG_WARN_COMMA = YES;
				CLANG_WARN_CONSTANT_CONVERSION = YES;
				CLANG_WARN_DEPRECATED_OBJC_IMPLEMENTATIONS = YES;
				CLANG_WARN_DIRECT_OBJC_ISA_USAGE = YES_ERROR;
				CLANG_WARN_DOCUMENTATION_COMMENTS = YES;
				CLANG_WARN_EMPTY_BODY = YES;
				CLANG_WARN_ENUM_CONVERSION = YES;
				CLANG_WARN_INFINITE_RECURSION = YES;
				CLANG_WARN_INT_CONVERSION = YES;
				CLANG_WARN_NON_LITERAL_NULL_CONVERSION = YES;
				CLANG_WARN_OBJC_IMPLICIT_RETAIN_SELF = YES;
				CLANG_WARN_OBJC_LITERAL_CONVERSION = YES;
				CLANG_WARN_OBJC_ROOT_CLASS = YES_ERROR;
				CLANG_WARN_QUOTED_INCLUDE_IN_FRAMEWORK_HEADER = YES;
				CLANG_WARN_RANGE_LOOP_ANALYSIS = YES;
				CLANG_WARN_STRICT_PROTOTYPES = YES;
				CLANG_WARN_SUSPICIOUS_MOVE = YES;
				CLANG_WARN_UNGUARDED_AVAILABILITY = YES_AGGRESSIVE;
				CLANG_WARN_UNREACHABLE_CODE = YES;
				CLANG_WARN__DUPLICATE_METHOD_MATCH = YES;
				COPY_PHASE_STRIP = NO;
				DEBUG_INFORMATION_FORMAT = "dwarf-with-dsym";
				ENABLE_NS_ASSERTIONS = NO;
				ENABLE_STRICT_OBJC_MSGSEND = YES;
				GCC_C_LANGUAGE_STANDARD = gnu11;
				GCC_NO_COMMON_BLOCKS = YES;
				GCC_WARN_64_TO_32_BIT_CONVERSION = YES;
				GCC_WARN_ABOUT_RETURN_TYPE = YES_ERROR;
				GCC_WARN_UNDECLARED_SELECTOR = YES;
				GCC_WARN_UNINITIALIZED_AUTOS = YES_AGGRESSIVE;
				GCC_WARN_UNUSED_FUNCTION = YES;
				GCC_WARN_UNUSED_VARIABLE = YES;
				IPHONEOS_DEPLOYMENT_TARGET = 16.4;
				MTL_ENABLE_DEBUG_INFO = NO;
				MTL_FAST_MATH = YES;
				SDKROOT = iphoneos;
				SWIFT_COMPILATION_MODE = wholemodule;
				SWIFT_OPTIMIZATION_LEVEL = "-O";
				VALIDATE_PRODUCT = YES;
			};
			name = Release;
		};
		7813BE6F2BAC6B2F006A5AEC /* Debug */ = {
			isa = XCBuildConfiguration;
			buildSettings = {
				ASSETCATALOG_COMPILER_APPICON_NAME = AppIcon;
				ASSETCATALOG_COMPILER_GLOBAL_ACCENT_COLOR_NAME = AccentColor;
				CODE_SIGN_STYLE = Automatic;
				CURRENT_PROJECT_VERSION = 1;
				DEVELOPMENT_TEAM = NY2YF9QVXX;
				GENERATE_INFOPLIST_FILE = YES;
				INFOPLIST_FILE = GithubFollowers/Info.plist;
				INFOPLIST_KEY_UIApplicationSupportsIndirectInputEvents = YES;
				INFOPLIST_KEY_UILaunchStoryboardName = LaunchScreen;
				INFOPLIST_KEY_UISupportedInterfaceOrientations = UIInterfaceOrientationPortrait;
				INFOPLIST_KEY_UISupportedInterfaceOrientations_iPad = "UIInterfaceOrientationLandscapeLeft UIInterfaceOrientationLandscapeRight UIInterfaceOrientationPortrait UIInterfaceOrientationPortraitUpsideDown";
				IPHONEOS_DEPLOYMENT_TARGET = 15.0;
				LD_RUNPATH_SEARCH_PATHS = (
					"$(inherited)",
					"@executable_path/Frameworks",
				);
				MARKETING_VERSION = 1.0;
				PRODUCT_BUNDLE_IDENTIFIER = com.daehoon.GithubFollowers;
				PRODUCT_NAME = "$(TARGET_NAME)";
				SUPPORTED_PLATFORMS = "iphoneos iphonesimulator";
				SUPPORTS_MACCATALYST = NO;
				SUPPORTS_MAC_DESIGNED_FOR_IPHONE_IPAD = YES;
				SWIFT_EMIT_LOC_STRINGS = YES;
				SWIFT_VERSION = 5.0;
				TARGETED_DEVICE_FAMILY = 1;
			};
			name = Debug;
		};
		7813BE702BAC6B2F006A5AEC /* Release */ = {
			isa = XCBuildConfiguration;
			buildSettings = {
				ASSETCATALOG_COMPILER_APPICON_NAME = AppIcon;
				ASSETCATALOG_COMPILER_GLOBAL_ACCENT_COLOR_NAME = AccentColor;
				CODE_SIGN_STYLE = Automatic;
				CURRENT_PROJECT_VERSION = 1;
				DEVELOPMENT_TEAM = NY2YF9QVXX;
				GENERATE_INFOPLIST_FILE = YES;
				INFOPLIST_FILE = GithubFollowers/Info.plist;
				INFOPLIST_KEY_UIApplicationSupportsIndirectInputEvents = YES;
				INFOPLIST_KEY_UILaunchStoryboardName = LaunchScreen;
				INFOPLIST_KEY_UISupportedInterfaceOrientations = UIInterfaceOrientationPortrait;
				INFOPLIST_KEY_UISupportedInterfaceOrientations_iPad = "UIInterfaceOrientationLandscapeLeft UIInterfaceOrientationLandscapeRight UIInterfaceOrientationPortrait UIInterfaceOrientationPortraitUpsideDown";
				IPHONEOS_DEPLOYMENT_TARGET = 15.0;
				LD_RUNPATH_SEARCH_PATHS = (
					"$(inherited)",
					"@executable_path/Frameworks",
				);
				MARKETING_VERSION = 1.0;
				PRODUCT_BUNDLE_IDENTIFIER = com.daehoon.GithubFollowers;
				PRODUCT_NAME = "$(TARGET_NAME)";
				SUPPORTED_PLATFORMS = "iphoneos iphonesimulator";
				SUPPORTS_MACCATALYST = NO;
				SUPPORTS_MAC_DESIGNED_FOR_IPHONE_IPAD = YES;
				SWIFT_EMIT_LOC_STRINGS = YES;
				SWIFT_VERSION = 5.0;
				TARGETED_DEVICE_FAMILY = 1;
			};
			name = Release;
		};
/* End XCBuildConfiguration section */

/* Begin XCConfigurationList section */
		7813BE552BAC6B27006A5AEC /* Build configuration list for PBXProject "GithubFollowers" */ = {
			isa = XCConfigurationList;
			buildConfigurations = (
				7813BE6C2BAC6B2F006A5AEC /* Debug */,
				7813BE6D2BAC6B2F006A5AEC /* Release */,
			);
			defaultConfigurationIsVisible = 0;
			defaultConfigurationName = Release;
		};
		7813BE6E2BAC6B2F006A5AEC /* Build configuration list for PBXNativeTarget "GithubFollowers" */ = {
			isa = XCConfigurationList;
			buildConfigurations = (
				7813BE6F2BAC6B2F006A5AEC /* Debug */,
				7813BE702BAC6B2F006A5AEC /* Release */,
			);
			defaultConfigurationIsVisible = 0;
			defaultConfigurationName = Release;
		};
/* End XCConfigurationList section */
	};
	rootObject = 7813BE522BAC6B27006A5AEC /* Project object */;
}
